{
  "name": "guide",
  "version": "0.0.0",
  "lockfileVersion": 1,
  "requires": true,
  "dependencies": {
    "@babel/helper-validator-identifier": {
      "version": "7.15.7",
      "resolved": "https://repo.yupaopao.com/artifactory/api/npm/npm-repo/@babel/helper-validator-identifier/-/helper-validator-identifier-7.15.7.tgz",
      "integrity": "sha1-Ig35k7/pBKSmsCq08zhaXr9uI4k=",
      "dev": true
    },
    "@babel/parser": {
      "version": "7.15.7",
      "resolved": "https://repo.yupaopao.com/artifactory/api/npm/npm-repo/@babel/parser/-/parser-7.15.7.tgz",
      "integrity": "sha1-DD7UousHsWXfqFs8xFxyczTE7a4="
    },
    "@babel/types": {
      "version": "7.15.6",
      "resolved": "https://repo.yupaopao.com/artifactory/api/npm/npm-repo/@babel/types/-/types-7.15.6.tgz",
      "integrity": "sha1-mavcSCGLKIHAWN0KerBbmcm+dY8=",
      "dev": true,
      "requires": {
        "@babel/helper-validator-identifier": "^7.14.9",
        "to-fast-properties": "^2.0.0"
      }
    },
    "@emmetio/abbreviation": {
      "version": "2.2.2",
      "resolved": "https://repo.yupaopao.com/artifactory/api/npm/npm-repo/@emmetio/abbreviation/-/abbreviation-2.2.2.tgz",
      "integrity": "sha1-dGdi/Z56jC6mBPWAxi48/iUOaYk=",
      "dev": true,
      "requires": {
        "@emmetio/scanner": "^1.0.0"
      }
    },
    "@emmetio/css-abbreviation": {
      "version": "2.1.4",
      "resolved": "https://repo.yupaopao.com/artifactory/api/npm/npm-repo/@emmetio/css-abbreviation/-/css-abbreviation-2.1.4.tgz",
      "integrity": "sha1-kDYuihEizjt29sMVeQfTAYL1P1Q=",
      "dev": true,
      "requires": {
        "@emmetio/scanner": "^1.0.0"
      }
    },
    "@emmetio/scanner": {
      "version": "1.0.0",
      "resolved": "https://repo.yupaopao.com/artifactory/api/npm/npm-repo/@emmetio/scanner/-/scanner-1.0.0.tgz",
      "integrity": "sha1-Blsq9iM/50dNRII+PeuJckr0K18=",
      "dev": true
    },
    "@vitejs/plugin-vue": {
      "version": "1.9.0",
      "resolved": "https://repo.yupaopao.com/artifactory/api/npm/npm-repo/@vitejs/plugin-vue/-/plugin-vue-1.9.0.tgz",
      "integrity": "sha1-rkWKLqrB0G76yNcaRCfV10JGbXI=",
      "dev": true
    },
    "@volar/code-gen": {
      "version": "0.27.22",
      "resolved": "https://repo.yupaopao.com/artifactory/api/npm/npm-repo/@volar/code-gen/-/code-gen-0.27.22.tgz",
      "integrity": "sha1-wTspivKL1ALV8BYmZzOXT2pJbh8=",
      "dev": true,
      "requires": {
        "@volar/shared": "^0.27.22",
        "@volar/source-map": "^0.27.22"
      }
    },
    "@volar/html2pug": {
      "version": "0.27.13",
      "resolved": "https://repo.yupaopao.com/artifactory/api/npm/npm-repo/@volar/html2pug/-/html2pug-0.27.13.tgz",
      "integrity": "sha1-SN+nPs8e8ZVaAqBG0MiIRZUPrIU=",
      "dev": true,
      "requires": {
        "domelementtype": "^2.2.0",
        "domhandler": "^4.2.0",
        "htmlparser2": "^6.1.0",
        "pug": "^3.0.2"
      }
    },
    "@volar/shared": {
      "version": "0.27.22",
      "resolved": "https://repo.yupaopao.com/artifactory/api/npm/npm-repo/@volar/shared/-/shared-0.27.22.tgz",
      "integrity": "sha1-uLnZGKuyfk3fbWYSiAlGc4XHDqg=",
      "dev": true,
      "requires": {
        "upath": "^2.0.1",
        "vscode-jsonrpc": "^8.0.0-next.2",
        "vscode-uri": "^3.0.2"
      }
    },
    "@volar/source-map": {
      "version": "0.27.22",
      "resolved": "https://repo.yupaopao.com/artifactory/api/npm/npm-repo/@volar/source-map/-/source-map-0.27.22.tgz",
      "integrity": "sha1-UzwQrDO8AbvrYq/7ME4bl2b7lOI=",
      "dev": true,
      "requires": {
        "@volar/shared": "^0.27.22"
      }
    },
    "@volar/transforms": {
      "version": "0.27.22",
      "resolved": "https://repo.yupaopao.com/artifactory/api/npm/npm-repo/@volar/transforms/-/transforms-0.27.22.tgz",
      "integrity": "sha1-Af7CoVRGaLyFEd8qYdAkmYBoYWw=",
      "dev": true,
      "requires": {
        "@volar/shared": "^0.27.22",
        "vscode-languageserver": "^8.0.0-next.2"
      }
    },
    "@vscode/emmet-helper": {
      "version": "2.7.0",
      "resolved": "https://repo.yupaopao.com/artifactory/api/npm/npm-repo/@vscode/emmet-helper/-/emmet-helper-2.7.0.tgz",
      "integrity": "sha1-PbSF9qZQGW/4u9OLobnkaOyNIvg=",
      "dev": true,
      "requires": {
        "emmet": "^2.3.0",
        "jsonc-parser": "^2.3.0",
        "vscode-languageserver-textdocument": "^1.0.1",
        "vscode-languageserver-types": "^3.15.1",
        "vscode-nls": "^5.0.0",
        "vscode-uri": "^2.1.2"
      },
      "dependencies": {
        "vscode-languageserver-types": {
          "version": "3.16.0",
          "resolved": "https://repo.yupaopao.com/artifactory/api/npm/npm-repo/vscode-languageserver-types/-/vscode-languageserver-types-3.16.0.tgz",
          "integrity": "sha1-7POT/BIexpdLLaPvsxVWRMUU4kc=",
          "dev": true
        },
        "vscode-uri": {
          "version": "2.1.2",
          "resolved": "https://repo.yupaopao.com/artifactory/api/npm/npm-repo/vscode-uri/-/vscode-uri-2.1.2.tgz",
          "integrity": "sha1-yNQN6T61evMfPHFd1lDiyiwJbxw=",
          "dev": true
        }
      }
    },
    "@vue/compiler-core": {
      "version": "3.2.13",
      "resolved": "https://repo.yupaopao.com/artifactory/api/npm/npm-repo/@vue/compiler-core/-/compiler-core-3.2.13.tgz",
      "integrity": "sha1-kBJoCIuYpTxDvg8Cv6Djo4mta/Q=",
      "requires": {
        "@babel/parser": "^7.15.0",
        "@vue/shared": "3.2.13",
        "estree-walker": "^2.0.2",
        "source-map": "^0.6.1"
      }
    },
    "@vue/compiler-dom": {
      "version": "3.2.13",
      "resolved": "https://repo.yupaopao.com/artifactory/api/npm/npm-repo/@vue/compiler-dom/-/compiler-dom-3.2.13.tgz",
      "integrity": "sha1-AomCSU+52XgH1SdbQjVXMmhvjtc=",
      "requires": {
        "@vue/compiler-core": "3.2.13",
        "@vue/shared": "3.2.13"
      }
    },
    "@vue/compiler-sfc": {
      "version": "3.2.13",
      "resolved": "https://repo.yupaopao.com/artifactory/api/npm/npm-repo/@vue/compiler-sfc/-/compiler-sfc-3.2.13.tgz",
      "integrity": "sha1-o4R1BIqtnJbPBN/mNRKbQX4PkpU=",
      "requires": {
        "@babel/parser": "^7.15.0",
        "@vue/compiler-core": "3.2.13",
        "@vue/compiler-dom": "3.2.13",
        "@vue/compiler-ssr": "3.2.13",
        "@vue/ref-transform": "3.2.13",
        "@vue/shared": "3.2.13",
        "estree-walker": "^2.0.2",
        "magic-string": "^0.25.7",
        "postcss": "^8.1.10",
        "source-map": "^0.6.1"
      }
    },
    "@vue/compiler-ssr": {
      "version": "3.2.13",
      "resolved": "https://repo.yupaopao.com/artifactory/api/npm/npm-repo/@vue/compiler-ssr/-/compiler-ssr-3.2.13.tgz",
      "integrity": "sha1-mENGcuC0iMKv+ksFcHMda+XNoYc=",
      "requires": {
        "@vue/compiler-dom": "3.2.13",
        "@vue/shared": "3.2.13"
      }
    },
    "@vue/reactivity": {
      "version": "3.2.13",
      "resolved": "https://repo.yupaopao.com/artifactory/api/npm/npm-repo/@vue/reactivity/-/reactivity-3.2.13.tgz",
      "integrity": "sha1-0mmwmqr+8GqRvz65je/UGiw9r1Q=",
      "requires": {
        "@vue/shared": "3.2.13"
      }
    },
    "@vue/ref-transform": {
      "version": "3.2.13",
      "resolved": "https://repo.yupaopao.com/artifactory/api/npm/npm-repo/@vue/ref-transform/-/ref-transform-3.2.13.tgz",
      "integrity": "sha1-at/OUNOIzANoPZ0rpY86O95RZvQ=",
      "requires": {
        "@babel/parser": "^7.15.0",
        "@vue/compiler-core": "3.2.13",
        "@vue/shared": "3.2.13",
        "estree-walker": "^2.0.2",
        "magic-string": "^0.25.7"
      }
    },
    "@vue/runtime-core": {
      "version": "3.2.13",
      "resolved": "https://repo.yupaopao.com/artifactory/api/npm/npm-repo/@vue/runtime-core/-/runtime-core-3.2.13.tgz",
      "integrity": "sha1-i2L5JkLlavcdDTWp8AZdr2+es/s=",
      "requires": {
        "@vue/reactivity": "3.2.13",
        "@vue/shared": "3.2.13"
      }
    },
    "@vue/runtime-dom": {
      "version": "3.2.13",
      "resolved": "https://repo.yupaopao.com/artifactory/api/npm/npm-repo/@vue/runtime-dom/-/runtime-dom-3.2.13.tgz",
      "integrity": "sha1-I49RenV2Vxn4NzQJzuhTd1xjb5I=",
      "requires": {
        "@vue/runtime-core": "3.2.13",
        "@vue/shared": "3.2.13",
        "csstype": "^2.6.8"
      }
    },
    "@vue/server-renderer": {
      "version": "3.2.13",
      "resolved": "https://repo.yupaopao.com/artifactory/api/npm/npm-repo/@vue/server-renderer/-/server-renderer-3.2.13.tgz",
      "integrity": "sha1-sQpWS+Z+7Gch+Qs2w8gXwZ5gZLQ=",
      "requires": {
        "@vue/compiler-ssr": "3.2.13",
        "@vue/shared": "3.2.13"
      }
    },
    "@vue/shared": {
      "version": "3.2.13",
      "resolved": "https://repo.yupaopao.com/artifactory/api/npm/npm-repo/@vue/shared/-/shared-3.2.13.tgz",
      "integrity": "sha1-yDDvlm168SWY4OqGKlVpXqWJzUc="
    },
    "acorn": {
      "version": "7.4.1",
      "resolved": "https://repo.yupaopao.com/artifactory/api/npm/npm-repo/acorn/download/acorn-7.4.1.tgz",
      "integrity": "sha1-/q7SVZc9LndVW4PbwIhRpsY1IPo=",
      "dev": true
    },
    "asap": {
      "version": "2.0.6",
      "resolved": "https://repo.yupaopao.com/artifactory/api/npm/npm-repo/asap/-/asap-2.0.6.tgz",
      "integrity": "sha1-5QNHYR1+aQlDIIu9r+vLwvuGbUY=",
      "dev": true
    },
    "assert-never": {
      "version": "1.2.1",
      "resolved": "https://repo.yupaopao.com/artifactory/api/npm/npm-repo/assert-never/-/assert-never-1.2.1.tgz",
      "integrity": "sha1-EfDjY78UYgX7CBk7XHuQ9NHPRP4=",
      "dev": true
    },
    "babel-walk": {
      "version": "3.0.0-canary-5",
      "resolved": "https://repo.yupaopao.com/artifactory/api/npm/npm-repo/babel-walk/-/babel-walk-3.0.0-canary-5.tgz",
      "integrity": "sha1-9m7Ncpg1eu5ElV8jWm71QhkQSxE=",
      "dev": true,
      "requires": {
        "@babel/types": "^7.9.6"
      }
    },
    "call-bind": {
      "version": "1.0.2",
      "resolved": "https://repo.yupaopao.com/artifactory/api/npm/npm-repo/call-bind/-/call-bind-1.0.2.tgz",
      "integrity": "sha1-sdTonmiBGcPJqQOtMKuy9qkZvjw=",
      "dev": true,
      "requires": {
        "function-bind": "^1.1.1",
        "get-intrinsic": "^1.0.2"
      }
    },
    "character-parser": {
      "version": "2.2.0",
      "resolved": "https://repo.yupaopao.com/artifactory/api/npm/npm-repo/character-parser/-/character-parser-2.2.0.tgz",
      "integrity": "sha1-x84o821LzZdE5f/CxfzeHHMmH8A=",
      "dev": true,
      "requires": {
        "is-regex": "^1.0.3"
      }
    },
    "constantinople": {
      "version": "4.0.1",
      "resolved": "https://repo.yupaopao.com/artifactory/api/npm/npm-repo/constantinople/-/constantinople-4.0.1.tgz",
      "integrity": "sha1-De8RP6Dk3I3oMzGlz3nIsyUhMVE=",
      "dev": true,
      "requires": {
        "@babel/parser": "^7.6.0",
        "@babel/types": "^7.6.1"
      }
    },
    "csstype": {
      "version": "2.6.18",
      "resolved": "https://repo.yupaopao.com/artifactory/api/npm/npm-repo/csstype/-/csstype-2.6.18.tgz",
      "integrity": "sha1-mAqLUwhfNK8xNBCvBk8r0kF4Qhg="
    },
    "doctypes": {
      "version": "1.1.0",
      "resolved": "https://repo.yupaopao.com/artifactory/api/npm/npm-repo/doctypes/-/doctypes-1.1.0.tgz",
      "integrity": "sha1-6oCxBqh1OHdOijpKWv4pPeSJ4Kk=",
      "dev": true
    },
    "dom-serializer": {
      "version": "1.3.2",
      "resolved": "https://repo.yupaopao.com/artifactory/api/npm/npm-repo/dom-serializer/-/dom-serializer-1.3.2.tgz",
      "integrity": "sha1-YgZDfTLO767HFhgDIwx6ILwbTZE=",
      "dev": true,
      "requires": {
        "domelementtype": "^2.0.1",
        "domhandler": "^4.2.0",
        "entities": "^2.0.0"
      }
    },
    "domelementtype": {
      "version": "2.2.0",
      "resolved": "https://repo.yupaopao.com/artifactory/api/npm/npm-repo/domelementtype/-/domelementtype-2.2.0.tgz",
      "integrity": "sha1-mgtsJ4LtahxzI9QiZxg9+b2LHVc=",
      "dev": true
    },
    "domhandler": {
      "version": "4.2.2",
      "resolved": "https://repo.yupaopao.com/artifactory/api/npm/npm-repo/domhandler/-/domhandler-4.2.2.tgz",
      "integrity": "sha1-6CXXIdGahrjCAaNSZOImxnjudV8=",
      "dev": true,
      "requires": {
        "domelementtype": "^2.2.0"
      }
    },
    "domutils": {
      "version": "2.8.0",
      "resolved": "https://repo.yupaopao.com/artifactory/api/npm/npm-repo/domutils/-/domutils-2.8.0.tgz",
      "integrity": "sha1-RDfe9dtuLR9dbuhZvZXKfQIEgTU=",
      "dev": true,
      "requires": {
        "dom-serializer": "^1.0.1",
        "domelementtype": "^2.2.0",
        "domhandler": "^4.2.0"
      }
    },
    "emmet": {
      "version": "2.3.4",
      "resolved": "https://repo.yupaopao.com/artifactory/api/npm/npm-repo/emmet/-/emmet-2.3.4.tgz",
      "integrity": "sha1-W6DXpVaaaMdpffqJDHcuTzF50SM=",
      "dev": true,
      "requires": {
        "@emmetio/abbreviation": "^2.2.2",
        "@emmetio/css-abbreviation": "^2.1.4"
      }
    },
    "entities": {
      "version": "2.2.0",
      "resolved": "https://repo.yupaopao.com/artifactory/api/npm/npm-repo/entities/-/entities-2.2.0.tgz",
      "integrity": "sha1-CY3JDruD2N/6CJ1VJWs1HTTE2lU=",
      "dev": true
    },
    "esbuild": {
      "version": "0.12.28",
      "resolved": "https://repo.yupaopao.com/artifactory/api/npm/npm-repo/esbuild/-/esbuild-0.12.28.tgz",
      "integrity": "sha1-hNoNKg0N7hgSgVRSceDWXPb6se8=",
      "dev": true
    },
    "estree-walker": {
      "version": "2.0.2",
      "resolved": "https://repo.yupaopao.com/artifactory/api/npm/npm-repo/estree-walker/-/estree-walker-2.0.2.tgz",
      "integrity": "sha1-UvAQF4wqTBF6d1fP6UKtt9LaTKw="
    },
    "fsevents": {
      "version": "2.3.2",
      "resolved": "https://repo.yupaopao.com/artifactory/api/npm/npm-repo/fsevents/-/fsevents-2.3.2.tgz",
      "integrity": "sha1-ilJveLj99GI7cJ4Ll1xSwkwC/Ro=",
      "dev": true,
      "optional": true
    },
    "function-bind": {
      "version": "1.1.1",
      "resolved": "https://repo.yupaopao.com/artifactory/api/npm/npm-repo/function-bind/-/function-bind-1.1.1.tgz",
      "integrity": "sha1-pWiZ0+o8m6uHS7l3O3xe3pL0iV0=",
      "dev": true
    },
    "get-intrinsic": {
      "version": "1.1.1",
      "resolved": "https://repo.yupaopao.com/artifactory/api/npm/npm-repo/get-intrinsic/-/get-intrinsic-1.1.1.tgz",
      "integrity": "sha1-FfWfN2+FXERpY5SPDSTNNje0q8Y=",
      "dev": true,
      "requires": {
        "function-bind": "^1.1.1",
        "has": "^1.0.3",
        "has-symbols": "^1.0.1"
      }
    },
    "has": {
      "version": "1.0.3",
      "resolved": "https://repo.yupaopao.com/artifactory/api/npm/npm-repo/has/-/has-1.0.3.tgz",
      "integrity": "sha1-ci18v8H2qoJB8W3YFOAR4fQeh5Y=",
      "dev": true,
      "requires": {
        "function-bind": "^1.1.1"
      }
    },
    "has-symbols": {
      "version": "1.0.2",
      "resolved": "https://repo.yupaopao.com/artifactory/api/npm/npm-repo/has-symbols/-/has-symbols-1.0.2.tgz",
      "integrity": "sha1-Fl0wcMADCXUqEjakeTMeOsVvFCM=",
      "dev": true
    },
    "has-tostringtag": {
      "version": "1.0.0",
      "resolved": "https://repo.yupaopao.com/artifactory/api/npm/npm-repo/has-tostringtag/-/has-tostringtag-1.0.0.tgz",
      "integrity": "sha1-fhM4GKfTlHNPlB5zw9P5KR5liyU=",
      "dev": true,
      "requires": {
        "has-symbols": "^1.0.2"
      }
    },
    "htmlparser2": {
      "version": "6.1.0",
      "resolved": "https://repo.yupaopao.com/artifactory/api/npm/npm-repo/htmlparser2/-/htmlparser2-6.1.0.tgz",
      "integrity": "sha1-xNditsM3GgXb5l6UrkOp+EX7j7c=",
      "dev": true,
      "requires": {
        "domelementtype": "^2.0.1",
        "domhandler": "^4.0.0",
        "domutils": "^2.5.2",
        "entities": "^2.0.0"
      }
    },
    "is-core-module": {
      "version": "2.6.0",
      "resolved": "https://repo.yupaopao.com/artifactory/api/npm/npm-repo/is-core-module/-/is-core-module-2.6.0.tgz",
      "integrity": "sha1-11U7JSb+Wbkro+QMjfdX7Ipwnhk=",
      "dev": true,
      "requires": {
        "has": "^1.0.3"
      }
    },
    "is-expression": {
      "version": "4.0.0",
      "resolved": "https://repo.yupaopao.com/artifactory/api/npm/npm-repo/is-expression/-/is-expression-4.0.0.tgz",
      "integrity": "sha1-wzFVliq/IdCv0lUlFNZ9LsFv0qs=",
      "dev": true,
      "requires": {
        "acorn": "^7.1.1",
        "object-assign": "^4.1.1"
      }
    },
    "is-promise": {
      "version": "2.2.2",
      "resolved": "https://repo.yupaopao.com/artifactory/api/npm/npm-repo/is-promise/-/is-promise-2.2.2.tgz",
      "integrity": "sha1-OauVnMv5p3TPB597QMeib3YxNfE=",
      "dev": true
    },
    "is-regex": {
      "version": "1.1.4",
      "resolved": "https://repo.yupaopao.com/artifactory/api/npm/npm-repo/is-regex/-/is-regex-1.1.4.tgz",
      "integrity": "sha1-7vVmPNWfpMCuM5UFMj32hUuxWVg=",
      "dev": true,
      "requires": {
        "call-bind": "^1.0.2",
        "has-tostringtag": "^1.0.0"
      }
    },
    "js-stringify": {
      "version": "1.0.2",
      "resolved": "https://repo.yupaopao.com/artifactory/api/npm/npm-repo/js-stringify/-/js-stringify-1.0.2.tgz",
      "integrity": "sha1-Fzb939lyTyijaCrcYjCufk6Weds=",
      "dev": true
    },
    "jsonc-parser": {
      "version": "2.3.1",
      "resolved": "https://repo.yupaopao.com/artifactory/api/npm/npm-repo/jsonc-parser/-/jsonc-parser-2.3.1.tgz",
      "integrity": "sha1-WVSRULEz8u+sykj+nOHsBlmvI0I=",
      "dev": true
    },
    "jstransformer": {
      "version": "1.0.0",
      "resolved": "https://repo.yupaopao.com/artifactory/api/npm/npm-repo/jstransformer/-/jstransformer-1.0.0.tgz",
      "integrity": "sha1-7Yvwkh4vPx7U1cGkT2hwntJHIsM=",
      "dev": true,
      "requires": {
        "is-promise": "^2.0.0",
        "promise": "^7.0.1"
      }
    },
    "lru-cache": {
      "version": "6.0.0",
      "resolved": "https://repo.yupaopao.com/artifactory/api/npm/npm-repo/lru-cache/-/lru-cache-6.0.0.tgz",
      "integrity": "sha1-bW/mVw69lqr5D8rR2vo7JWbbOpQ=",
      "dev": true,
      "requires": {
        "yallist": "^4.0.0"
      }
    },
    "magic-string": {
      "version": "0.25.7",
      "resolved": "https://repo.yupaopao.com/artifactory/api/npm/npm-repo/magic-string/-/magic-string-0.25.7.tgz",
      "integrity": "sha1-P0l9b9NMZpxnmNy4IfLvMfVEUFE=",
      "requires": {
        "sourcemap-codec": "^1.4.4"
      }
    },
    "nanocolors": {
      "version": "0.1.5",
      "resolved": "https://repo.yupaopao.com/artifactory/api/npm/npm-repo/nanocolors/-/nanocolors-0.1.5.tgz",
      "integrity": "sha1-t1ZzatPjX54yXwzzGSBvdM0tr+0="
    },
    "nanoid": {
      "version": "3.1.25",
      "resolved": "https://repo.yupaopao.com/artifactory/api/npm/npm-repo/nanoid/-/nanoid-3.1.25.tgz",
      "integrity": "sha1-CcoydHwOVD8OGBS303k0d/nI4VI="
    },
    "object-assign": {
      "version": "4.1.1",
      "resolved": "https://repo.yupaopao.com/artifactory/api/npm/npm-repo/object-assign/-/object-assign-4.1.1.tgz",
      "integrity": "sha1-IQmtx5ZYh8/AXLvUQsrIv7s2CGM=",
      "dev": true
    },
    "path-parse": {
      "version": "1.0.7",
      "resolved": "https://repo.yupaopao.com/artifactory/api/npm/npm-repo/path-parse/-/path-parse-1.0.7.tgz",
      "integrity": "sha1-+8EUtgykKzDZ2vWFjkvWi77bZzU=",
      "dev": true
    },
    "postcss": {
      "version": "8.3.7",
      "resolved": "https://repo.yupaopao.com/artifactory/api/npm/npm-repo/postcss/-/postcss-8.3.7.tgz",
      "integrity": "sha1-7IhWNYjI2o5Y5yJvdjO1GuIh7to=",
      "requires": {
        "nanocolors": "^0.1.5",
        "nanoid": "^3.1.25",
        "source-map-js": "^0.6.2"
      }
    },
    "promise": {
      "version": "7.3.1",
      "resolved": "https://repo.yupaopao.com/artifactory/api/npm/npm-repo/promise/-/promise-7.3.1.tgz",
      "integrity": "sha1-BktyYCsY+Q8pGSuLG8QY/9Hr078=",
      "dev": true,
      "requires": {
        "asap": "~2.0.3"
      }
    },
    "pug": {
      "version": "3.0.2",
      "resolved": "https://repo.yupaopao.com/artifactory/api/npm/npm-repo/pug/-/pug-3.0.2.tgz",
      "integrity": "sha1-81xxBzQ0VOQ7wnrg/3bHMbeOpTU=",
      "dev": true,
      "requires": {
        "pug-code-gen": "^3.0.2",
        "pug-filters": "^4.0.0",
        "pug-lexer": "^5.0.1",
        "pug-linker": "^4.0.0",
        "pug-load": "^3.0.0",
        "pug-parser": "^6.0.0",
        "pug-runtime": "^3.0.1",
        "pug-strip-comments": "^2.0.0"
      }
    },
    "pug-attrs": {
      "version": "3.0.0",
      "resolved": "https://repo.yupaopao.com/artifactory/api/npm/npm-repo/pug-attrs/-/pug-attrs-3.0.0.tgz",
      "integrity": "sha1-sQRR4DSBZeMfrRzCPr3dncc0fEE=",
      "dev": true,
      "requires": {
        "constantinople": "^4.0.1",
        "js-stringify": "^1.0.2",
        "pug-runtime": "^3.0.0"
      }
    },
    "pug-code-gen": {
      "version": "3.0.2",
      "resolved": "https://repo.yupaopao.com/artifactory/api/npm/npm-repo/pug-code-gen/-/pug-code-gen-3.0.2.tgz",
      "integrity": "sha1-rRkPSUMTO/GGtguA3kgxAOEy4s4=",
      "dev": true,
      "requires": {
        "constantinople": "^4.0.1",
        "doctypes": "^1.1.0",
        "js-stringify": "^1.0.2",
        "pug-attrs": "^3.0.0",
        "pug-error": "^2.0.0",
        "pug-runtime": "^3.0.0",
        "void-elements": "^3.1.0",
        "with": "^7.0.0"
      }
    },
    "pug-error": {
      "version": "2.0.0",
      "resolved": "https://repo.yupaopao.com/artifactory/api/npm/npm-repo/pug-error/-/pug-error-2.0.0.tgz",
      "integrity": "sha1-XGIXPLCcNN4qLOBPF7it/sdNjKU=",
      "dev": true
    },
    "pug-filters": {
      "version": "4.0.0",
      "resolved": "https://repo.yupaopao.com/artifactory/api/npm/npm-repo/pug-filters/-/pug-filters-4.0.0.tgz",
      "integrity": "sha1-0+Sa9bqEcum3pm2YDnB86dLMm14=",
      "dev": true,
      "requires": {
        "constantinople": "^4.0.1",
        "jstransformer": "1.0.0",
        "pug-error": "^2.0.0",
        "pug-walk": "^2.0.0",
        "resolve": "^1.15.1"
      }
    },
    "pug-lexer": {
      "version": "5.0.1",
      "resolved": "https://repo.yupaopao.com/artifactory/api/npm/npm-repo/pug-lexer/-/pug-lexer-5.0.1.tgz",
      "integrity": "sha1-rkRijFvvmxkLZlaDsojKkCS4sNU=",
      "dev": true,
      "requires": {
        "character-parser": "^2.2.0",
        "is-expression": "^4.0.0",
        "pug-error": "^2.0.0"
      }
    },
    "pug-linker": {
      "version": "4.0.0",
      "resolved": "https://repo.yupaopao.com/artifactory/api/npm/npm-repo/pug-linker/-/pug-linker-4.0.0.tgz",
      "integrity": "sha1-EsvAWU/Fo+Brn8Web5PBRpYqdwg=",
      "dev": true,
      "requires": {
        "pug-error": "^2.0.0",
        "pug-walk": "^2.0.0"
      }
    },
    "pug-load": {
      "version": "3.0.0",
      "resolved": "https://repo.yupaopao.com/artifactory/api/npm/npm-repo/pug-load/-/pug-load-3.0.0.tgz",
      "integrity": "sha1-n9nNpSICsIrbEdJWgfufNL1BtmI=",
      "dev": true,
      "requires": {
        "object-assign": "^4.1.1",
        "pug-walk": "^2.0.0"
      }
    },
    "pug-parser": {
      "version": "6.0.0",
      "resolved": "https://repo.yupaopao.com/artifactory/api/npm/npm-repo/pug-parser/-/pug-parser-6.0.0.tgz",
      "integrity": "sha1-qP3ANYY6lbLB3F6/Ts+AtOdqEmA=",
      "dev": true,
      "requires": {
        "pug-error": "^2.0.0",
        "token-stream": "1.0.0"
      }
    },
    "pug-runtime": {
      "version": "3.0.1",
      "resolved": "https://repo.yupaopao.com/artifactory/api/npm/npm-repo/pug-runtime/-/pug-runtime-3.0.1.tgz",
      "integrity": "sha1-9jaXYgRyPzWoxfb61qzaKhkbg9c=",
      "dev": true
    },
    "pug-strip-comments": {
      "version": "2.0.0",
      "resolved": "https://repo.yupaopao.com/artifactory/api/npm/npm-repo/pug-strip-comments/-/pug-strip-comments-2.0.0.tgz",
      "integrity": "sha1-+UsH/WtJVSMzD0kKf1VLT/h2MD4=",
      "dev": true,
      "requires": {
        "pug-error": "^2.0.0"
      }
    },
    "pug-walk": {
      "version": "2.0.0",
      "resolved": "https://repo.yupaopao.com/artifactory/api/npm/npm-repo/pug-walk/-/pug-walk-2.0.0.tgz",
      "integrity": "sha1-QXqrwpIyu0SZtbUGmistKiTV9f4=",
      "dev": true
    },
    "request-light": {
      "version": "0.5.4",
      "resolved": "https://repo.yupaopao.com/artifactory/api/npm/npm-repo/request-light/-/request-light-0.5.4.tgz",
      "integrity": "sha1-SXqYxtiuSVNkF6Xi1/ODuTTz44w=",
      "dev": true
    },
    "resolve": {
      "version": "1.20.0",
      "resolved": "https://repo.yupaopao.com/artifactory/api/npm/npm-repo/resolve/-/resolve-1.20.0.tgz",
      "integrity": "sha1-YpoBP7P3B1XW8LeTXMHCxTeLGXU=",
      "dev": true,
      "requires": {
        "is-core-module": "^2.2.0",
        "path-parse": "^1.0.6"
      }
    },
    "rollup": {
      "version": "2.57.0",
      "resolved": "https://repo.yupaopao.com/artifactory/api/npm/npm-repo/rollup/-/rollup-2.57.0.tgz",
      "integrity": "sha1-wWlEdesi4QIkd8D0Y1/QrIBxMXM=",
      "dev": true,
      "requires": {
        "fsevents": "~2.3.2"
      }
    },
    "semver": {
      "version": "7.3.5",
      "resolved": "https://repo.yupaopao.com/artifactory/api/npm/npm-repo/semver/-/semver-7.3.5.tgz",
      "integrity": "sha1-C2Ich5NI2JmOSw5L6Us/EuYBjvc=",
      "dev": true,
      "requires": {
        "lru-cache": "^6.0.0"
      }
    },
    "source-map": {
      "version": "0.6.1",
      "resolved": "https://repo.yupaopao.com/artifactory/api/npm/npm-repo/source-map/-/source-map-0.6.1.tgz",
      "integrity": "sha1-dHIq8y6WFOnCh6jQu95IteLxomM="
    },
    "source-map-js": {
      "version": "0.6.2",
      "resolved": "https://repo.yupaopao.com/artifactory/api/npm/npm-repo/source-map-js/-/source-map-js-0.6.2.tgz",
      "integrity": "sha1-C7XeYxtBz72mz7qL0FqA79/SOF4="
    },
    "sourcemap-codec": {
      "version": "1.4.8",
      "resolved": "https://repo.yupaopao.com/artifactory/api/npm/npm-repo/sourcemap-codec/-/sourcemap-codec-1.4.8.tgz",
      "integrity": "sha1-6oBL2UhXQC5pktBaOO8a41qatMQ="
    },
    "to-fast-properties": {
      "version": "2.0.0",
      "resolved": "https://repo.yupaopao.com/artifactory/api/npm/npm-repo/to-fast-properties/-/to-fast-properties-2.0.0.tgz",
      "integrity": "sha1-3F5pjL0HkmW8c+A3doGk5Og/YW4=",
      "dev": true
    },
    "token-stream": {
      "version": "1.0.0",
      "resolved": "https://repo.yupaopao.com/artifactory/api/npm/npm-repo/token-stream/-/token-stream-1.0.0.tgz",
      "integrity": "sha1-zCAOqyYT9BZtJ/+a/HylbUnfbrQ=",
      "dev": true
    },
    "typescript": {
      "version": "4.4.3",
      "resolved": "https://repo.yupaopao.com/artifactory/api/npm/npm-repo/typescript/-/typescript-4.4.3.tgz",
      "integrity": "sha1-vcVAfKorEJ79T4L+EwZW+XeikyQ=",
      "dev": true
    },
    "upath": {
      "version": "2.0.1",
      "resolved": "https://repo.yupaopao.com/artifactory/api/npm/npm-repo/upath/-/upath-2.0.1.tgz",
      "integrity": "sha1-UMc96mjW9rmQ9R0nnOYIFmXWGos=",
      "dev": true
    },
    "vite": {
      "version": "2.5.10",
      "resolved": "https://repo.yupaopao.com/artifactory/api/npm/npm-repo/vite/-/vite-2.5.10.tgz",
      "integrity": "sha1-xZjjtafhlW/8Uus7NCDRd/wu0qU=",
      "dev": true,
      "requires": {
        "esbuild": "^0.12.17",
        "fsevents": "~2.3.2",
        "postcss": "^8.3.6",
        "resolve": "^1.20.0",
        "rollup": "^2.38.5"
      }
    },
    "void-elements": {
      "version": "3.1.0",
      "resolved": "https://repo.yupaopao.com/artifactory/api/npm/npm-repo/void-elements/-/void-elements-3.1.0.tgz",
      "integrity": "sha1-YU9/v42AHwu18GYfWy9XhXUOTwk=",
      "dev": true
    },
    "vscode-css-languageservice": {
      "version": "5.1.5",
      "resolved": "https://repo.yupaopao.com/artifactory/api/npm/npm-repo/vscode-css-languageservice/-/vscode-css-languageservice-5.1.5.tgz",
      "integrity": "sha1-QAsvY6T3PGD1sK/EjEeMGzJrJ8Y=",
      "dev": true,
      "requires": {
        "vscode-languageserver-textdocument": "^1.0.1",
        "vscode-languageserver-types": "^3.16.0",
        "vscode-nls": "^5.0.0",
        "vscode-uri": "^3.0.2"
      },
      "dependencies": {
        "vscode-languageserver-types": {
          "version": "3.16.0",
          "resolved": "https://repo.yupaopao.com/artifactory/api/npm/npm-repo/vscode-languageserver-types/-/vscode-languageserver-types-3.16.0.tgz",
          "integrity": "sha1-7POT/BIexpdLLaPvsxVWRMUU4kc=",
          "dev": true
        }
      }
    },
    "vscode-html-languageservice": {
      "version": "4.0.8",
      "resolved": "https://repo.yupaopao.com/artifactory/api/npm/npm-repo/vscode-html-languageservice/-/vscode-html-languageservice-4.0.8.tgz",
      "integrity": "sha1-lCm6zOMkTc/LOnFykD8ztvQY2zs=",
      "dev": true,
      "requires": {
        "vscode-languageserver-textdocument": "^1.0.1",
        "vscode-languageserver-types": "^3.16.0",
        "vscode-nls": "^5.0.0",
        "vscode-uri": "^3.0.2"
      },
      "dependencies": {
        "vscode-languageserver-types": {
          "version": "3.16.0",
          "resolved": "https://repo.yupaopao.com/artifactory/api/npm/npm-repo/vscode-languageserver-types/-/vscode-languageserver-types-3.16.0.tgz",
          "integrity": "sha1-7POT/BIexpdLLaPvsxVWRMUU4kc=",
          "dev": true
        }
      }
    },
    "vscode-json-languageservice": {
      "version": "4.1.7",
      "resolved": "https://repo.yupaopao.com/artifactory/api/npm/npm-repo/vscode-json-languageservice/-/vscode-json-languageservice-4.1.7.tgz",
      "integrity": "sha1-GCRNYrEVpYGMdSbvQzlDi3F136o=",
      "dev": true,
      "requires": {
        "jsonc-parser": "^3.0.0",
        "vscode-languageserver-textdocument": "^1.0.1",
        "vscode-languageserver-types": "^3.16.0",
        "vscode-nls": "^5.0.0",
        "vscode-uri": "^3.0.2"
      },
      "dependencies": {
        "jsonc-parser": {
          "version": "3.0.0",
          "resolved": "https://repo.yupaopao.com/artifactory/api/npm/npm-repo/jsonc-parser/-/jsonc-parser-3.0.0.tgz",
          "integrity": "sha1-q914VwHH5+rKip7IzwcMpRp0WiI=",
          "dev": true
        },
        "vscode-languageserver-types": {
          "version": "3.16.0",
          "resolved": "https://repo.yupaopao.com/artifactory/api/npm/npm-repo/vscode-languageserver-types/-/vscode-languageserver-types-3.16.0.tgz",
          "integrity": "sha1-7POT/BIexpdLLaPvsxVWRMUU4kc=",
          "dev": true
        }
      }
    },
    "vscode-jsonrpc": {
      "version": "8.0.0-next.2",
      "resolved": "https://repo.yupaopao.com/artifactory/api/npm/npm-repo/vscode-jsonrpc/-/vscode-jsonrpc-8.0.0-next.2.tgz",
      "integrity": "sha1-KF/ClL5YbkdorNZ+WkLvxzilysA=",
      "dev": true
    },
    "vscode-languageserver": {
      "version": "8.0.0-next.2",
      "resolved": "https://repo.yupaopao.com/artifactory/api/npm/npm-repo/vscode-languageserver/-/vscode-languageserver-8.0.0-next.2.tgz",
      "integrity": "sha1-Oj2vef8QNQ6pzsXHO1MCkBqVURc=",
      "dev": true,
      "requires": {
        "vscode-languageserver-protocol": "3.17.0-next.8"
      }
    },
    "vscode-languageserver-protocol": {
      "version": "3.17.0-next.8",
      "resolved": "https://repo.yupaopao.com/artifactory/api/npm/npm-repo/vscode-languageserver-protocol/-/vscode-languageserver-protocol-3.17.0-next.8.tgz",
      "integrity": "sha1-7y63QjtHTMzRE4QjneJEiOf+gYw=",
      "dev": true,
      "requires": {
        "vscode-jsonrpc": "8.0.0-next.2",
        "vscode-languageserver-types": "3.17.0-next.3"
      }
    },
    "vscode-languageserver-textdocument": {
      "version": "1.0.1",
      "resolved": "https://repo.yupaopao.com/artifactory/api/npm/npm-repo/vscode-languageserver-textdocument/-/vscode-languageserver-textdocument-1.0.1.tgz",
      "integrity": "sha1-F4Fo6H761hcbNyrdHeo09T5dMw8=",
      "dev": true
    },
    "vscode-languageserver-types": {
      "version": "3.17.0-next.3",
      "resolved": "https://repo.yupaopao.com/artifactory/api/npm/npm-repo/vscode-languageserver-types/-/vscode-languageserver-types-3.17.0-next.3.tgz",
      "integrity": "sha1-4fQxHgjqMZPoESYVS2o0L8HD26M=",
      "dev": true
    },
    "vscode-nls": {
      "version": "5.0.0",
      "resolved": "https://repo.yupaopao.com/artifactory/api/npm/npm-repo/vscode-nls/-/vscode-nls-5.0.0.tgz",
      "integrity": "sha1-mfDaC9nqfNpE5WWnTFSx8rwleEA=",
      "dev": true
    },
    "vscode-pug-languageservice": {
      "version": "0.27.22",
      "resolved": "https://repo.yupaopao.com/artifactory/api/npm/npm-repo/vscode-pug-languageservice/-/vscode-pug-languageservice-0.27.22.tgz",
      "integrity": "sha1-MuHpDfsdt6M1cJz6dwIeFwV2a7I=",
      "dev": true,
      "requires": {
        "@volar/code-gen": "^0.27.22",
        "@volar/shared": "^0.27.22",
        "@volar/source-map": "^0.27.22",
        "@volar/transforms": "^0.27.22",
        "pug-lexer": "^5.0.1",
        "pug-parser": "^6.0.0",
        "vscode-languageserver": "^8.0.0-next.2"
      }
    },
    "vscode-typescript-languageservice": {
      "version": "0.27.22",
      "resolved": "https://repo.yupaopao.com/artifactory/api/npm/npm-repo/vscode-typescript-languageservice/-/vscode-typescript-languageservice-0.27.22.tgz",
      "integrity": "sha1-5SnJkdcB7llMrp6305y18Al/Kl0=",
      "dev": true,
      "requires": {
        "@volar/shared": "^0.27.22",
        "semver": "^7.3.5",
        "upath": "^2.0.1",
        "vscode-languageserver": "^8.0.0-next.2",
        "vscode-languageserver-textdocument": "^1.0.1"
      }
    },
    "vscode-uri": {
      "version": "3.0.2",
      "resolved": "https://repo.yupaopao.com/artifactory/api/npm/npm-repo/vscode-uri/-/vscode-uri-3.0.2.tgz",
      "integrity": "sha1-7P0dBmy470w6II3s26uajCPQVdA=",
      "dev": true
    },
    "vscode-vue-languageservice": {
      "version": "0.27.23",
      "resolved": "https://repo.yupaopao.com/artifactory/api/npm/npm-repo/vscode-vue-languageservice/-/vscode-vue-languageservice-0.27.23.tgz",
      "integrity": "sha1-ZQdeysUOLs1dgsahxsSDN0F0+Gc=",
      "dev": true,
      "requires": {
        "@volar/code-gen": "^0.27.22",
        "@volar/html2pug": "^0.27.13",
        "@volar/shared": "^0.27.22",
        "@volar/source-map": "^0.27.22",
        "@volar/transforms": "^0.27.22",
        "@vscode/emmet-helper": "^2.7.0",
        "@vue/compiler-dom": "^3.2.6",
        "@vue/reactivity": "^3.2.6",
        "@vue/shared": "^3.2.6",
        "request-light": "^0.5.4",
        "upath": "^2.0.1",
        "vscode-css-languageservice": "^5.1.4",
        "vscode-html-languageservice": "^4.0.7",
        "vscode-json-languageservice": "^4.1.7",
        "vscode-languageserver": "^8.0.0-next.2",
        "vscode-languageserver-textdocument": "^1.0.1",
        "vscode-pug-languageservice": "^0.27.22",
        "vscode-typescript-languageservice": "^0.27.22"
      }
    },
    "vue": {
      "version": "3.2.13",
      "resolved": "https://repo.yupaopao.com/artifactory/api/npm/npm-repo/vue/-/vue-3.2.13.tgz",
      "integrity": "sha1-nRqU/GLcKa4ho90NjuJBmOQhZx4=",
      "requires": {
        "@vue/compiler-dom": "3.2.13",
        "@vue/compiler-sfc": "3.2.13",
        "@vue/runtime-dom": "3.2.13",
        "@vue/server-renderer": "3.2.13",
        "@vue/shared": "3.2.13"
      }
    },
    "vue-class-component": {
      "version": "7.2.6",
      "resolved": "https://repo.yupaopao.com/artifactory/api/npm/npm-repo/vue-class-component/download/vue-class-component-7.2.6.tgz",
      "integrity": "sha1-hHHgN7jkdi9aRkaG4Z5a/HCFAuQ="
    },
    "vue-property-decorator": {
      "version": "9.1.2",
      "resolved": "https://repo.yupaopao.com/artifactory/api/npm/npm-repo/vue-property-decorator/-/vue-property-decorator-9.1.2.tgz",
      "integrity": "sha1-JmourGG6ZSfi5oppM8+5j92rVFc="
    },
    "vue-tsc": {
      "version": "0.3.0",
      "resolved": "https://repo.yupaopao.com/artifactory/api/npm/npm-repo/vue-tsc/-/vue-tsc-0.3.0.tgz",
      "integrity": "sha1-Ozhyv08dLkQJtXrb2CYDLiU9tAY=",
      "dev": true,
      "requires": {
        "vscode-vue-languageservice": "^0.27.0"
      }
    },
    "with": {
      "version": "7.0.2",
      "resolved": "https://repo.yupaopao.com/artifactory/api/npm/npm-repo/with/-/with-7.0.2.tgz",
      "integrity": "sha1-zO461ULSVTinp6gKrSErmChJW6w=",
      "dev": true,
      "requires": {
        "@babel/parser": "^7.9.6",
        "@babel/types": "^7.9.6",
        "assert-never": "^1.2.1",
        "babel-walk": "3.0.0-canary-5"
      }
    },
    "yallist": {
      "version": "4.0.0",
      "resolved": "https://repo.yupaopao.com/artifactory/api/npm/npm-repo/yallist/-/yallist-4.0.0.tgz",
      "integrity": "sha1-m7knkNnA7/7GO+c1GeEaNQGaOnI=",
      "dev": true
    }
  }
}
